
Microsoft Visual Studio Solution File, Format Version 12.00
# Visual Studio Version 17
VisualStudioVersion = 17.11.35222.181
MinimumVisualStudioVersion = 10.0.40219.1
Project("{FAE04EC0-301F-11D3-BF4B-00C04F79EFBC}") = "frmPurchaseDiscountedItem", "frmPurchaseDiscountedItem.csproj", "{271C9041-EBA1-4BD6-963B-779F414A9AC2}"
EndProject
Global
	GlobalSection(SolutionConfigurationPlatforms) = preSolution
		Debug|Any CPU = Debug|Any CPU
		Release|Any CPU = Release|Any CPU
	EndGlobalSection
	GlobalSection(ProjectConfigurationPlatforms) = postSolution
		{271C9041-EBA1-4BD6-963B-779F414A9AC2}.Debug|Any CPU.ActiveCfg = Debug|Any CPU
		{271C9041-EBA1-4BD6-963B-779F414A9AC2}.Debug|Any CPU.Build.0 = Debug|Any CPU
		{271C9041-EBA1-4BD6-963B-779F414A9AC2}.Release|Any CPU.ActiveCfg = Release|Any CPU
		{271C9041-EBA1-4BD6-963B-779F414A9AC2}.Release|Any CPU.Build.0 = Release|Any CPU
	EndGlobalSection
	GlobalSection(SolutionProperties) = preSolution
		HideSolutionNode = FALSE
	EndGlobalSection
	GlobalSection(ExtensibilityGlobals) = postSolution
		SolutionGuid = {B749C5BD-AE7A-437B-9AF3-E109629A8752}
	EndGlobalSection
EndGlobal
